{
  "name": "e2e-test",
  "lockfileVersion": 2,
  "requires": true,
  "packages": {
    "": {
      "devDependencies": {
        "estree-walker": "^3.0.0"
      }
    },
    "node_modules/estree-walker": {
      "version": "3.0.0",
      "resolved": "https://registry.npmjs.org/estree-walker/-/estree-walker-3.0.0.tgz",
      "integrity": "sha512-s6ceX0NFiU/vKPiKvFdR83U1Zffu7upwZsGwpoqfg5rbbq1l50WQ5hCeIvM6E6oD4shUHCYMsiFPns4Jk0YfMQ==",
      "dev": true
    }
  },
  "dependencies": {
    "estree-walker": {
      "version": "3.0.0",
      "resolved": "https://registry.npmjs.org/estree-walker/-/estree-walker-3.0.0.tgz",
      "integrity": "sha512-s6ceX0NFiU/vKPiKvFdR83U1Zffu7upwZsGwpoqfg5rbbq1l50WQ5hCeIvM6E6oD4shUHCYMsiFPns4Jk0YfMQ==",
      "dev": true
    }
  }
}
